// !$*UTF8*$!
{
	archiveVersion = 1;
	classes = {
	};
	objectVersion = 51;
	objects = {

/* Begin PBXBuildFile section */
		25110A184C1CC4BC529667F3 /* Pods_Clover.framework in Frameworks */ = {isa = PBXBuildFile; fileRef = 535A5E91D7E28FB2CF2220D5 /* Pods_Clover.framework */; };
		380532DB472DA8A9717F21D7 /* Pods_CloverTests.framework in Frameworks */ = {isa = PBXBuildFile; fileRef = 63E0F5D9098C3B9E57CD2B34 /* Pods_CloverTests.framework */; };
		47B49F41FA6760A190CA2AA5 /* Pods_Clover_CloverUITests.framework in Frameworks */ = {isa = PBXBuildFile; fileRef = 6BAF8EE150D0F48F4F95C161 /* Pods_Clover_CloverUITests.framework */; };
		9CEAEFA62557F7DD0072ECF8 /* AppDelegate.swift in Sources */ = {isa = PBXBuildFile; fileRef = 9CEAEFA52557F7DD0072ECF8 /* AppDelegate.swift */; };
		9CEAEFA82557F7DD0072ECF8 /* SceneDelegate.swift in Sources */ = {isa = PBXBuildFile; fileRef = 9CEAEFA72557F7DD0072ECF8 /* SceneDelegate.swift */; };
		9CEAEFAF2557F7DE0072ECF8 /* Assets.xcassets in Resources */ = {isa = PBXBuildFile; fileRef = 9CEAEFAE2557F7DE0072ECF8 /* Assets.xcassets */; };
		9CEAEFB22557F7DE0072ECF8 /* LaunchScreen.storyboard in Resources */ = {isa = PBXBuildFile; fileRef = 9CEAEFB02557F7DE0072ECF8 /* LaunchScreen.storyboard */; };
		9CEAEFBD2557F7DE0072ECF8 /* CloverTests.swift in Sources */ = {isa = PBXBuildFile; fileRef = 9CEAEFBC2557F7DE0072ECF8 /* CloverTests.swift */; };
		9CEAEFC82557F7DE0072ECF8 /* CloverUITests.swift in Sources */ = {isa = PBXBuildFile; fileRef = 9CEAEFC72557F7DE0072ECF8 /* CloverUITests.swift */; };
		9CEAEFEC2557FC4E0072ECF8 /* Boards.swift in Sources */ = {isa = PBXBuildFile; fileRef = 9CEAEFEB2557FC4E0072ECF8 /* Boards.swift */; };
		9CEAEFF32557FD490072ECF8 /* BoardsViewController.swift in Sources */ = {isa = PBXBuildFile; fileRef = 9CEAEFF22557FD490072ECF8 /* BoardsViewController.swift */; };
		9CEAEFFB2557FD600072ECF8 /* BoardsViewModel.swift in Sources */ = {isa = PBXBuildFile; fileRef = 9CEAEFFA2557FD600072ECF8 /* BoardsViewModel.swift */; };
		9CEAF0012557FDD00072ECF8 /* APIService.swift in Sources */ = {isa = PBXBuildFile; fileRef = 9CEAF0002557FDD00072ECF8 /* APIService.swift */; };
/* End PBXBuildFile section */

/* Begin PBXContainerItemProxy section */
		9CEAEFB92557F7DE0072ECF8 /* PBXContainerItemProxy */ = {
			isa = PBXContainerItemProxy;
			containerPortal = 9CEAEF9A2557F7DD0072ECF8 /* Project object */;
			proxyType = 1;
			remoteGlobalIDString = 9CEAEFA12557F7DD0072ECF8;
			remoteInfo = Clover;
		};
		9CEAEFC42557F7DE0072ECF8 /* PBXContainerItemProxy */ = {
			isa = PBXContainerItemProxy;
			containerPortal = 9CEAEF9A2557F7DD0072ECF8 /* Project object */;
			proxyType = 1;
			remoteGlobalIDString = 9CEAEFA12557F7DD0072ECF8;
			remoteInfo = Clover;
		};
/* End PBXContainerItemProxy section */

/* Begin PBXFileReference section */
		0AA8B45B0421021D9F702439 /* Pods-CloverTests.debug.xcconfig */ = {isa = PBXFileReference; includeInIndex = 1; lastKnownFileType = text.xcconfig; name = "Pods-CloverTests.debug.xcconfig"; path = "Target Support Files/Pods-CloverTests/Pods-CloverTests.debug.xcconfig"; sourceTree = "<group>"; };
		3183A092F91A34064FF1B713 /* Pods-Clover-CloverUITests.release.xcconfig */ = {isa = PBXFileReference; includeInIndex = 1; lastKnownFileType = text.xcconfig; name = "Pods-Clover-CloverUITests.release.xcconfig"; path = "Target Support Files/Pods-Clover-CloverUITests/Pods-Clover-CloverUITests.release.xcconfig"; sourceTree = "<group>"; };
		4884E6E3AAC6ED15A697707A /* Pods-CloverTests.release.xcconfig */ = {isa = PBXFileReference; includeInIndex = 1; lastKnownFileType = text.xcconfig; name = "Pods-CloverTests.release.xcconfig"; path = "Target Support Files/Pods-CloverTests/Pods-CloverTests.release.xcconfig"; sourceTree = "<group>"; };
		4C7B73B1F0AC5F7731C6F398 /* Pods-Clover.release.xcconfig */ = {isa = PBXFileReference; includeInIndex = 1; lastKnownFileType = text.xcconfig; name = "Pods-Clover.release.xcconfig"; path = "Target Support Files/Pods-Clover/Pods-Clover.release.xcconfig"; sourceTree = "<group>"; };
		535A5E91D7E28FB2CF2220D5 /* Pods_Clover.framework */ = {isa = PBXFileReference; explicitFileType = wrapper.framework; includeInIndex = 0; path = Pods_Clover.framework; sourceTree = BUILT_PRODUCTS_DIR; };
		5BB747EFA1C9FDDB70EB1BAC /* Pods-Clover-CloverUITests.debug.xcconfig */ = {isa = PBXFileReference; includeInIndex = 1; lastKnownFileType = text.xcconfig; name = "Pods-Clover-CloverUITests.debug.xcconfig"; path = "Target Support Files/Pods-Clover-CloverUITests/Pods-Clover-CloverUITests.debug.xcconfig"; sourceTree = "<group>"; };
		63E0F5D9098C3B9E57CD2B34 /* Pods_CloverTests.framework */ = {isa = PBXFileReference; explicitFileType = wrapper.framework; includeInIndex = 0; path = Pods_CloverTests.framework; sourceTree = BUILT_PRODUCTS_DIR; };
		6BAF8EE150D0F48F4F95C161 /* Pods_Clover_CloverUITests.framework */ = {isa = PBXFileReference; explicitFileType = wrapper.framework; includeInIndex = 0; path = Pods_Clover_CloverUITests.framework; sourceTree = BUILT_PRODUCTS_DIR; };
		7C3A37FEF3C26FC2168CB6B5 /* Pods-Clover.debug.xcconfig */ = {isa = PBXFileReference; includeInIndex = 1; lastKnownFileType = text.xcconfig; name = "Pods-Clover.debug.xcconfig"; path = "Target Support Files/Pods-Clover/Pods-Clover.debug.xcconfig"; sourceTree = "<group>"; };
		9CEAEFA22557F7DD0072ECF8 /* Clover.app */ = {isa = PBXFileReference; explicitFileType = wrapper.application; includeInIndex = 0; path = Clover.app; sourceTree = BUILT_PRODUCTS_DIR; };
		9CEAEFA52557F7DD0072ECF8 /* AppDelegate.swift */ = {isa = PBXFileReference; lastKnownFileType = sourcecode.swift; path = AppDelegate.swift; sourceTree = "<group>"; };
		9CEAEFA72557F7DD0072ECF8 /* SceneDelegate.swift */ = {isa = PBXFileReference; lastKnownFileType = sourcecode.swift; path = SceneDelegate.swift; sourceTree = "<group>"; };
		9CEAEFAE2557F7DE0072ECF8 /* Assets.xcassets */ = {isa = PBXFileReference; lastKnownFileType = folder.assetcatalog; path = Assets.xcassets; sourceTree = "<group>"; };
		9CEAEFB12557F7DE0072ECF8 /* Base */ = {isa = PBXFileReference; lastKnownFileType = file.storyboard; name = Base; path = Base.lproj/LaunchScreen.storyboard; sourceTree = "<group>"; };
		9CEAEFB32557F7DE0072ECF8 /* Info.plist */ = {isa = PBXFileReference; lastKnownFileType = text.plist.xml; path = Info.plist; sourceTree = "<group>"; };
		9CEAEFB82557F7DE0072ECF8 /* CloverTests.xctest */ = {isa = PBXFileReference; explicitFileType = wrapper.cfbundle; includeInIndex = 0; path = CloverTests.xctest; sourceTree = BUILT_PRODUCTS_DIR; };
		9CEAEFBC2557F7DE0072ECF8 /* CloverTests.swift */ = {isa = PBXFileReference; lastKnownFileType = sourcecode.swift; path = CloverTests.swift; sourceTree = "<group>"; };
		9CEAEFBE2557F7DE0072ECF8 /* Info.plist */ = {isa = PBXFileReference; lastKnownFileType = text.plist.xml; path = Info.plist; sourceTree = "<group>"; };
		9CEAEFC32557F7DE0072ECF8 /* CloverUITests.xctest */ = {isa = PBXFileReference; explicitFileType = wrapper.cfbundle; includeInIndex = 0; path = CloverUITests.xctest; sourceTree = BUILT_PRODUCTS_DIR; };
		9CEAEFC72557F7DE0072ECF8 /* CloverUITests.swift */ = {isa = PBXFileReference; lastKnownFileType = sourcecode.swift; path = CloverUITests.swift; sourceTree = "<group>"; };
		9CEAEFC92557F7DE0072ECF8 /* Info.plist */ = {isa = PBXFileReference; lastKnownFileType = text.plist.xml; path = Info.plist; sourceTree = "<group>"; };
		9CEAEFEB2557FC4E0072ECF8 /* Boards.swift */ = {isa = PBXFileReference; lastKnownFileType = sourcecode.swift; path = Boards.swift; sourceTree = "<group>"; };
		9CEAEFF22557FD490072ECF8 /* BoardsViewController.swift */ = {isa = PBXFileReference; lastKnownFileType = sourcecode.swift; path = BoardsViewController.swift; sourceTree = "<group>"; };
		9CEAEFFA2557FD600072ECF8 /* BoardsViewModel.swift */ = {isa = PBXFileReference; lastKnownFileType = sourcecode.swift; path = BoardsViewModel.swift; sourceTree = "<group>"; };
		9CEAF0002557FDD00072ECF8 /* APIService.swift */ = {isa = PBXFileReference; lastKnownFileType = sourcecode.swift; path = APIService.swift; sourceTree = "<group>"; };
/* End PBXFileReference section */

/* Begin PBXFrameworksBuildPhase section */
		9CEAEF9F2557F7DD0072ECF8 /* Frameworks */ = {
			isa = PBXFrameworksBuildPhase;
			buildActionMask = 2147483647;
			files = (
				25110A184C1CC4BC529667F3 /* Pods_Clover.framework in Frameworks */,
			);
			runOnlyForDeploymentPostprocessing = 0;
		};
		9CEAEFB52557F7DE0072ECF8 /* Frameworks */ = {
			isa = PBXFrameworksBuildPhase;
			buildActionMask = 2147483647;
			files = (
				380532DB472DA8A9717F21D7 /* Pods_CloverTests.framework in Frameworks */,
			);
			runOnlyForDeploymentPostprocessing = 0;
		};
		9CEAEFC02557F7DE0072ECF8 /* Frameworks */ = {
			isa = PBXFrameworksBuildPhase;
			buildActionMask = 2147483647;
			files = (
				47B49F41FA6760A190CA2AA5 /* Pods_Clover_CloverUITests.framework in Frameworks */,
			);
			runOnlyForDeploymentPostprocessing = 0;
		};
/* End PBXFrameworksBuildPhase section */

/* Begin PBXGroup section */
		30E9A8CC10C2D9C9C1CF67DB /* Pods */ = {
			isa = PBXGroup;
			children = (
				7C3A37FEF3C26FC2168CB6B5 /* Pods-Clover.debug.xcconfig */,
				4C7B73B1F0AC5F7731C6F398 /* Pods-Clover.release.xcconfig */,
				5BB747EFA1C9FDDB70EB1BAC /* Pods-Clover-CloverUITests.debug.xcconfig */,
				3183A092F91A34064FF1B713 /* Pods-Clover-CloverUITests.release.xcconfig */,
				0AA8B45B0421021D9F702439 /* Pods-CloverTests.debug.xcconfig */,
				4884E6E3AAC6ED15A697707A /* Pods-CloverTests.release.xcconfig */,
			);
			path = Pods;
			sourceTree = "<group>";
		};
		9CEAEF992557F7DD0072ECF8 = {
			isa = PBXGroup;
			children = (
				9CEAEFA42557F7DD0072ECF8 /* Clover */,
				9CEAEFBB2557F7DE0072ECF8 /* CloverTests */,
				9CEAEFC62557F7DE0072ECF8 /* CloverUITests */,
				9CEAEFA32557F7DD0072ECF8 /* Products */,
				30E9A8CC10C2D9C9C1CF67DB /* Pods */,
				F08D989654CBE43C36172A01 /* Frameworks */,
			);
			sourceTree = "<group>";
		};
		9CEAEFA32557F7DD0072ECF8 /* Products */ = {
			isa = PBXGroup;
			children = (
				9CEAEFA22557F7DD0072ECF8 /* Clover.app */,
				9CEAEFB82557F7DE0072ECF8 /* CloverTests.xctest */,
				9CEAEFC32557F7DE0072ECF8 /* CloverUITests.xctest */,
			);
			name = Products;
			sourceTree = "<group>";
		};
		9CEAEFA42557F7DD0072ECF8 /* Clover */ = {
			isa = PBXGroup;
			children = (
				9CEAEFFF2557FDC10072ECF8 /* Services */,
				9CEAEFF02557FD160072ECF8 /* Scenes */,
				9CEAEFE92557FC390072ECF8 /* Models */,
				9CEAEFA52557F7DD0072ECF8 /* AppDelegate.swift */,
				9CEAEFA72557F7DD0072ECF8 /* SceneDelegate.swift */,
				9CEAEFAE2557F7DE0072ECF8 /* Assets.xcassets */,
				9CEAEFB02557F7DE0072ECF8 /* LaunchScreen.storyboard */,
				9CEAEFB32557F7DE0072ECF8 /* Info.plist */,
			);
			path = Clover;
			sourceTree = "<group>";
		};
		9CEAEFBB2557F7DE0072ECF8 /* CloverTests */ = {
			isa = PBXGroup;
			children = (
				9CEAEFBC2557F7DE0072ECF8 /* CloverTests.swift */,
				9CEAEFBE2557F7DE0072ECF8 /* Info.plist */,
			);
			path = CloverTests;
			sourceTree = "<group>";
		};
		9CEAEFC62557F7DE0072ECF8 /* CloverUITests */ = {
			isa = PBXGroup;
			children = (
				9CEAEFC72557F7DE0072ECF8 /* CloverUITests.swift */,
				9CEAEFC92557F7DE0072ECF8 /* Info.plist */,
			);
			path = CloverUITests;
			sourceTree = "<group>";
		};
		9CEAEFE92557FC390072ECF8 /* Models */ = {
			isa = PBXGroup;
			children = (
				9CEAEFEA2557FC3F0072ECF8 /* Boards */,
			);
			path = Models;
			sourceTree = "<group>";
		};
		9CEAEFEA2557FC3F0072ECF8 /* Boards */ = {
			isa = PBXGroup;
			children = (
				9CEAEFEB2557FC4E0072ECF8 /* Boards.swift */,
			);
			path = Boards;
			sourceTree = "<group>";
		};
		9CEAEFF02557FD160072ECF8 /* Scenes */ = {
			isa = PBXGroup;
			children = (
				9CEAEFF12557FD250072ECF8 /* Boards */,
			);
			path = Scenes;
			sourceTree = "<group>";
		};
		9CEAEFF12557FD250072ECF8 /* Boards */ = {
			isa = PBXGroup;
			children = (
				9CEAEFF22557FD490072ECF8 /* BoardsViewController.swift */,
				9CEAEFFA2557FD600072ECF8 /* BoardsViewModel.swift */,
			);
			path = Boards;
			sourceTree = "<group>";
		};
		9CEAEFFF2557FDC10072ECF8 /* Services */ = {
			isa = PBXGroup;
			children = (
				9CEAF0002557FDD00072ECF8 /* APIService.swift */,
			);
			path = Services;
			sourceTree = "<group>";
		};
		F08D989654CBE43C36172A01 /* Frameworks */ = {
			isa = PBXGroup;
			children = (
				535A5E91D7E28FB2CF2220D5 /* Pods_Clover.framework */,
				6BAF8EE150D0F48F4F95C161 /* Pods_Clover_CloverUITests.framework */,
				63E0F5D9098C3B9E57CD2B34 /* Pods_CloverTests.framework */,
			);
			name = Frameworks;
			sourceTree = "<group>";
		};
/* End PBXGroup section */

/* Begin PBXNativeTarget section */
		9CEAEFA12557F7DD0072ECF8 /* Clover */ = {
			isa = PBXNativeTarget;
			buildConfigurationList = 9CEAEFCC2557F7DE0072ECF8 /* Build configuration list for PBXNativeTarget "Clover" */;
			buildPhases = (
				09BA71911A1BEF9E26EE53CE /* [CP] Check Pods Manifest.lock */,
				9CEAEF9E2557F7DD0072ECF8 /* Sources */,
				9CEAEF9F2557F7DD0072ECF8 /* Frameworks */,
				9CEAEFA02557F7DD0072ECF8 /* Resources */,
				1914D716C9916161324777BF /* [CP] Embed Pods Frameworks */,
			);
			buildRules = (
			);
			dependencies = (
			);
			name = Clover;
			productName = Clover;
			productReference = 9CEAEFA22557F7DD0072ECF8 /* Clover.app */;
			productType = "com.apple.product-type.application";
		};
		9CEAEFB72557F7DE0072ECF8 /* CloverTests */ = {
			isa = PBXNativeTarget;
			buildConfigurationList = 9CEAEFCF2557F7DE0072ECF8 /* Build configuration list for PBXNativeTarget "CloverTests" */;
			buildPhases = (
				E82F8E20A6EAC71FB7C87489 /* [CP] Check Pods Manifest.lock */,
				9CEAEFB42557F7DE0072ECF8 /* Sources */,
				9CEAEFB52557F7DE0072ECF8 /* Frameworks */,
				9CEAEFB62557F7DE0072ECF8 /* Resources */,
			);
			buildRules = (
			);
			dependencies = (
				9CEAEFBA2557F7DE0072ECF8 /* PBXTargetDependency */,
			);
			name = CloverTests;
			productName = CloverTests;
			productReference = 9CEAEFB82557F7DE0072ECF8 /* CloverTests.xctest */;
			productType = "com.apple.product-type.bundle.unit-test";
		};
		9CEAEFC22557F7DE0072ECF8 /* CloverUITests */ = {
			isa = PBXNativeTarget;
			buildConfigurationList = 9CEAEFD22557F7DE0072ECF8 /* Build configuration list for PBXNativeTarget "CloverUITests" */;
			buildPhases = (
				3DEE5CA28F2E82DA26436B80 /* [CP] Check Pods Manifest.lock */,
				9CEAEFBF2557F7DE0072ECF8 /* Sources */,
				9CEAEFC02557F7DE0072ECF8 /* Frameworks */,
				9CEAEFC12557F7DE0072ECF8 /* Resources */,
				A7685B2B9513CF6C2C381523 /* [CP] Embed Pods Frameworks */,
			);
			buildRules = (
			);
			dependencies = (
				9CEAEFC52557F7DE0072ECF8 /* PBXTargetDependency */,
			);
			name = CloverUITests;
			productName = CloverUITests;
			productReference = 9CEAEFC32557F7DE0072ECF8 /* CloverUITests.xctest */;
			productType = "com.apple.product-type.bundle.ui-testing";
		};
/* End PBXNativeTarget section */

/* Begin PBXProject section */
		9CEAEF9A2557F7DD0072ECF8 /* Project object */ = {
			isa = PBXProject;
			attributes = {
				LastSwiftUpdateCheck = 1210;
				LastUpgradeCheck = 1210;
				TargetAttributes = {
					9CEAEFA12557F7DD0072ECF8 = {
						CreatedOnToolsVersion = 12.1;
					};
					9CEAEFB72557F7DE0072ECF8 = {
						CreatedOnToolsVersion = 12.1;
						TestTargetID = 9CEAEFA12557F7DD0072ECF8;
					};
					9CEAEFC22557F7DE0072ECF8 = {
						CreatedOnToolsVersion = 12.1;
						TestTargetID = 9CEAEFA12557F7DD0072ECF8;
					};
				};
			};
			buildConfigurationList = 9CEAEF9D2557F7DD0072ECF8 /* Build configuration list for PBXProject "Clover" */;
			compatibilityVersion = "Xcode 9.3";
			developmentRegion = en;
			hasScannedForEncodings = 0;
			knownRegions = (
				en,
				Base,
			);
			mainGroup = 9CEAEF992557F7DD0072ECF8;
			productRefGroup = 9CEAEFA32557F7DD0072ECF8 /* Products */;
			projectDirPath = "";
			projectRoot = "";
			targets = (
				9CEAEFA12557F7DD0072ECF8 /* Clover */,
				9CEAEFB72557F7DE0072ECF8 /* CloverTests */,
				9CEAEFC22557F7DE0072ECF8 /* CloverUITests */,
			);
		};
/* End PBXProject section */

/* Begin PBXResourcesBuildPhase section */
		9CEAEFA02557F7DD0072ECF8 /* Resources */ = {
			isa = PBXResourcesBuildPhase;
			buildActionMask = 2147483647;
			files = (
				9CEAEFB22557F7DE0072ECF8 /* LaunchScreen.storyboard in Resources */,
				9CEAEFAF2557F7DE0072ECF8 /* Assets.xcassets in Resources */,
			);
			runOnlyForDeploymentPostprocessing = 0;
		};
		9CEAEFB62557F7DE0072ECF8 /* Resources */ = {
			isa = PBXResourcesBuildPhase;
			buildActionMask = 2147483647;
			files = (
			);
			runOnlyForDeploymentPostprocessing = 0;
		};
		9CEAEFC12557F7DE0072ECF8 /* Resources */ = {
			isa = PBXResourcesBuildPhase;
			buildActionMask = 2147483647;
			files = (
			);
			runOnlyForDeploymentPostprocessing = 0;
		};
/* End PBXResourcesBuildPhase section */

/* Begin PBXShellScriptBuildPhase section */
		09BA71911A1BEF9E26EE53CE /* [CP] Check Pods Manifest.lock */ = {
			isa = PBXShellScriptBuildPhase;
			buildActionMask = 2147483647;
			files = (
			);
			inputFileListPaths = (
			);
			inputPaths = (
				"${PODS_PODFILE_DIR_PATH}/Podfile.lock",
				"${PODS_ROOT}/Manifest.lock",
			);
			name = "[CP] Check Pods Manifest.lock";
			outputFileListPaths = (
			);
			outputPaths = (
				"$(DERIVED_FILE_DIR)/Pods-Clover-checkManifestLockResult.txt",
			);
			runOnlyForDeploymentPostprocessing = 0;
			shellPath = /bin/sh;
			shellScript = "diff \"${PODS_PODFILE_DIR_PATH}/Podfile.lock\" \"${PODS_ROOT}/Manifest.lock\" > /dev/null\nif [ $? != 0 ] ; then\n    # print error to STDERR\n    echo \"error: The sandbox is not in sync with the Podfile.lock. Run 'pod install' or update your CocoaPods installation.\" >&2\n    exit 1\nfi\n# This output is used by Xcode 'outputs' to avoid re-running this script phase.\necho \"SUCCESS\" > \"${SCRIPT_OUTPUT_FILE_0}\"\n";
			showEnvVarsInLog = 0;
		};
		1914D716C9916161324777BF /* [CP] Embed Pods Frameworks */ = {
			isa = PBXShellScriptBuildPhase;
			buildActionMask = 2147483647;
			files = (
			);
			inputFileListPaths = (
				"${PODS_ROOT}/Target Support Files/Pods-Clover/Pods-Clover-frameworks-${CONFIGURATION}-input-files.xcfilelist",
			);
			name = "[CP] Embed Pods Frameworks";
			outputFileListPaths = (
				"${PODS_ROOT}/Target Support Files/Pods-Clover/Pods-Clover-frameworks-${CONFIGURATION}-output-files.xcfilelist",
			);
			runOnlyForDeploymentPostprocessing = 0;
			shellPath = /bin/sh;
			shellScript = "\"${PODS_ROOT}/Target Support Files/Pods-Clover/Pods-Clover-frameworks.sh\"\n";
			showEnvVarsInLog = 0;
		};
		3DEE5CA28F2E82DA26436B80 /* [CP] Check Pods Manifest.lock */ = {
			isa = PBXShellScriptBuildPhase;
			buildActionMask = 2147483647;
			files = (
			);
			inputFileListPaths = (
			);
			inputPaths = (
				"${PODS_PODFILE_DIR_PATH}/Podfile.lock",
				"${PODS_ROOT}/Manifest.lock",
			);
			name = "[CP] Check Pods Manifest.lock";
			outputFileListPaths = (
			);
			outputPaths = (
				"$(DERIVED_FILE_DIR)/Pods-Clover-CloverUITests-checkManifestLockResult.txt",
			);
			runOnlyForDeploymentPostprocessing = 0;
			shellPath = /bin/sh;
			shellScript = "diff \"${PODS_PODFILE_DIR_PATH}/Podfile.lock\" \"${PODS_ROOT}/Manifest.lock\" > /dev/null\nif [ $? != 0 ] ; then\n    # print error to STDERR\n    echo \"error: The sandbox is not in sync with the Podfile.lock. Run 'pod install' or update your CocoaPods installation.\" >&2\n    exit 1\nfi\n# This output is used by Xcode 'outputs' to avoid re-running this script phase.\necho \"SUCCESS\" > \"${SCRIPT_OUTPUT_FILE_0}\"\n";
			showEnvVarsInLog = 0;
		};
		A7685B2B9513CF6C2C381523 /* [CP] Embed Pods Frameworks */ = {
			isa = PBXShellScriptBuildPhase;
			buildActionMask = 2147483647;
			files = (
			);
			inputFileListPaths = (
				"${PODS_ROOT}/Target Support Files/Pods-Clover-CloverUITests/Pods-Clover-CloverUITests-frameworks-${CONFIGURATION}-input-files.xcfilelist",
			);
			name = "[CP] Embed Pods Frameworks";
			outputFileListPaths = (
				"${PODS_ROOT}/Target Support Files/Pods-Clover-CloverUITests/Pods-Clover-CloverUITests-frameworks-${CONFIGURATION}-output-files.xcfilelist",
			);
			runOnlyForDeploymentPostprocessing = 0;
			shellPath = /bin/sh;
			shellScript = "\"${PODS_ROOT}/Target Support Files/Pods-Clover-CloverUITests/Pods-Clover-CloverUITests-frameworks.sh\"\n";
			showEnvVarsInLog = 0;
		};
		E82F8E20A6EAC71FB7C87489 /* [CP] Check Pods Manifest.lock */ = {
			isa = PBXShellScriptBuildPhase;
			buildActionMask = 2147483647;
			files = (
			);
			inputFileListPaths = (
			);
			inputPaths = (
				"${PODS_PODFILE_DIR_PATH}/Podfile.lock",
				"${PODS_ROOT}/Manifest.lock",
			);
			name = "[CP] Check Pods Manifest.lock";
			outputFileListPaths = (
			);
			outputPaths = (
				"$(DERIVED_FILE_DIR)/Pods-CloverTests-checkManifestLockResult.txt",
			);
			runOnlyForDeploymentPostprocessing = 0;
			shellPath = /bin/sh;
			shellScript = "diff \"${PODS_PODFILE_DIR_PATH}/Podfile.lock\" \"${PODS_ROOT}/Manifest.lock\" > /dev/null\nif [ $? != 0 ] ; then\n    # print error to STDERR\n    echo \"error: The sandbox is not in sync with the Podfile.lock. Run 'pod install' or update your CocoaPods installation.\" >&2\n    exit 1\nfi\n# This output is used by Xcode 'outputs' to avoid re-running this script phase.\necho \"SUCCESS\" > \"${SCRIPT_OUTPUT_FILE_0}\"\n";
			showEnvVarsInLog = 0;
		};
/* End PBXShellScriptBuildPhase section */

/* Begin PBXSourcesBuildPhase section */
		9CEAEF9E2557F7DD0072ECF8 /* Sources */ = {
			isa = PBXSourcesBuildPhase;
			buildActionMask = 2147483647;
			files = (
				9CEAF0012557FDD00072ECF8 /* APIService.swift in Sources */,
				9CEAEFA62557F7DD0072ECF8 /* AppDelegate.swift in Sources */,
				9CEAEFEC2557FC4E0072ECF8 /* Boards.swift in Sources */,
				9CEAEFFB2557FD600072ECF8 /* BoardsViewModel.swift in Sources */,
				9CEAEFF32557FD490072ECF8 /* BoardsViewController.swift in Sources */,
				9CEAEFA82557F7DD0072ECF8 /* SceneDelegate.swift in Sources */,
			);
			runOnlyForDeploymentPostprocessing = 0;
		};
		9CEAEFB42557F7DE0072ECF8 /* Sources */ = {
			isa = PBXSourcesBuildPhase;
			buildActionMask = 2147483647;
			files = (
				9CEAEFBD2557F7DE0072ECF8 /* CloverTests.swift in Sources */,
			);
			runOnlyForDeploymentPostprocessing = 0;
		};
		9CEAEFBF2557F7DE0072ECF8 /* Sources */ = {
			isa = PBXSourcesBuildPhase;
			buildActionMask = 2147483647;
			files = (
				9CEAEFC82557F7DE0072ECF8 /* CloverUITests.swift in Sources */,
			);
			runOnlyForDeploymentPostprocessing = 0;
		};
/* End PBXSourcesBuildPhase section */

/* Begin PBXTargetDependency section */
		9CEAEFBA2557F7DE0072ECF8 /* PBXTargetDependency */ = {
			isa = PBXTargetDependency;
			target = 9CEAEFA12557F7DD0072ECF8 /* Clover */;
			targetProxy = 9CEAEFB92557F7DE0072ECF8 /* PBXContainerItemProxy */;
		};
		9CEAEFC52557F7DE0072ECF8 /* PBXTargetDependency */ = {
			isa = PBXTargetDependency;
			target = 9CEAEFA12557F7DD0072ECF8 /* Clover */;
			targetProxy = 9CEAEFC42557F7DE0072ECF8 /* PBXContainerItemProxy */;
		};
/* End PBXTargetDependency section */

/* Begin PBXVariantGroup section */
		9CEAEFB02557F7DE0072ECF8 /* LaunchScreen.storyboard */ = {
			isa = PBXVariantGroup;
			children = (
				9CEAEFB12557F7DE0072ECF8 /* Base */,
			);
			name = LaunchScreen.storyboard;
			sourceTree = "<group>";
		};
/* End PBXVariantGroup section */

/* Begin XCBuildConfiguration section */
		9CEAEFCA2557F7DE0072ECF8 /* Debug */ = {
			isa = XCBuildConfiguration;
			buildSettings = {
				ALWAYS_SEARCH_USER_PATHS = NO;
				CLANG_ANALYZER_NONNULL = YES;
				CLANG_ANALYZER_NUMBER_OBJECT_CONVERSION = YES_AGGRESSIVE;
				CLANG_CXX_LANGUAGE_STANDARD = "gnu++14";
				CLANG_CXX_LIBRARY = "libc++";
				CLANG_ENABLE_MODULES = YES;
				CLANG_ENABLE_OBJC_ARC = YES;
				CLANG_ENABLE_OBJC_WEAK = YES;
				CLANG_WARN_BLOCK_CAPTURE_AUTORELEASING = YES;
				CLANG_WARN_BOOL_CONVERSION = YES;
				CLANG_WARN_COMMA = YES;
				CLANG_WARN_CONSTANT_CONVERSION = YES;
				CLANG_WARN_DEPRECATED_OBJC_IMPLEMENTATIONS = YES;
				CLANG_WARN_DIRECT_OBJC_ISA_USAGE = YES_ERROR;
				CLANG_WARN_DOCUMENTATION_COMMENTS = YES;
				CLANG_WARN_EMPTY_BODY = YES;
				CLANG_WARN_ENUM_CONVERSION = YES;
				CLANG_WARN_INFINITE_RECURSION = YES;
				CLANG_WARN_INT_CONVERSION = YES;
				CLANG_WARN_NON_LITERAL_NULL_CONVERSION = YES;
				CLANG_WARN_OBJC_IMPLICIT_RETAIN_SELF = YES;
				CLANG_WARN_OBJC_LITERAL_CONVERSION = YES;
				CLANG_WARN_OBJC_ROOT_CLASS = YES_ERROR;
				CLANG_WARN_QUOTED_INCLUDE_IN_FRAMEWORK_HEADER = YES;
				CLANG_WARN_RANGE_LOOP_ANALYSIS = YES;
				CLANG_WARN_STRICT_PROTOTYPES = YES;
				CLANG_WARN_SUSPICIOUS_MOVE = YES;
				CLANG_WARN_UNGUARDED_AVAILABILITY = YES_AGGRESSIVE;
				CLANG_WARN_UNREACHABLE_CODE = YES;
				CLANG_WARN__DUPLICATE_METHOD_MATCH = YES;
				COPY_PHASE_STRIP = NO;
				DEBUG_INFORMATION_FORMAT = dwarf;
				ENABLE_STRICT_OBJC_MSGSEND = YES;
				ENABLE_TESTABILITY = YES;
				GCC_C_LANGUAGE_STANDARD = gnu11;
				GCC_DYNAMIC_NO_PIC = NO;
				GCC_NO_COMMON_BLOCKS = YES;
				GCC_OPTIMIZATION_LEVEL = 0;
				GCC_PREPROCESSOR_DEFINITIONS = (
					"DEBUG=1",
					"$(inherited)",
				);
				GCC_WARN_64_TO_32_BIT_CONVERSION = YES;
				GCC_WARN_ABOUT_RETURN_TYPE = YES_ERROR;
				GCC_WARN_UNDECLARED_SELECTOR = YES;
				GCC_WARN_UNINITIALIZED_AUTOS = YES_AGGRESSIVE;
				GCC_WARN_UNUSED_FUNCTION = YES;
				GCC_WARN_UNUSED_VARIABLE = YES;
				IPHONEOS_DEPLOYMENT_TARGET = 14.1;
				MTL_ENABLE_DEBUG_INFO = INCLUDE_SOURCE;
				MTL_FAST_MATH = YES;
				ONLY_ACTIVE_ARCH = YES;
				SDKROOT = iphoneos;
				SWIFT_ACTIVE_COMPILATION_CONDITIONS = DEBUG;
				SWIFT_OPTIMIZATION_LEVEL = "-Onone";
			};
			name = Debug;
		};
		9CEAEFCB2557F7DE0072ECF8 /* Release */ = {
			isa = XCBuildConfiguration;
			buildSettings = {
				ALWAYS_SEARCH_USER_PATHS = NO;
				CLANG_ANALYZER_NONNULL = YES;
				CLANG_ANALYZER_NUMBER_OBJECT_CONVERSION = YES_AGGRESSIVE;
				CLANG_CXX_LANGUAGE_STANDARD = "gnu++14";
				CLANG_CXX_LIBRARY = "libc++";
				CLANG_ENABLE_MODULES = YES;
				CLANG_ENABLE_OBJC_ARC = YES;
				CLANG_ENABLE_OBJC_WEAK = YES;
				CLANG_WARN_BLOCK_CAPTURE_AUTORELEASING = YES;
				CLANG_WARN_BOOL_CONVERSION = YES;
				CLANG_WARN_COMMA = YES;
				CLANG_WARN_CONSTANT_CONVERSION = YES;
				CLANG_WARN_DEPRECATED_OBJC_IMPLEMENTATIONS = YES;
				CLANG_WARN_DIRECT_OBJC_ISA_USAGE = YES_ERROR;
				CLANG_WARN_DOCUMENTATION_COMMENTS = YES;
				CLANG_WARN_EMPTY_BODY = YES;
				CLANG_WARN_ENUM_CONVERSION = YES;
				CLANG_WARN_INFINITE_RECURSION = YES;
				CLANG_WARN_INT_CONVERSION = YES;
				CLANG_WARN_NON_LITERAL_NULL_CONVERSION = YES;
				CLANG_WARN_OBJC_IMPLICIT_RETAIN_SELF = YES;
				CLANG_WARN_OBJC_LITERAL_CONVERSION = YES;
				CLANG_WARN_OBJC_ROOT_CLASS = YES_ERROR;
				CLANG_WARN_QUOTED_INCLUDE_IN_FRAMEWORK_HEADER = YES;
				CLANG_WARN_RANGE_LOOP_ANALYSIS = YES;
				CLANG_WARN_STRICT_PROTOTYPES = YES;
				CLANG_WARN_SUSPICIOUS_MOVE = YES;
				CLANG_WARN_UNGUARDED_AVAILABILITY = YES_AGGRESSIVE;
				CLANG_WARN_UNREACHABLE_CODE = YES;
				CLANG_WARN__DUPLICATE_METHOD_MATCH = YES;
				COPY_PHASE_STRIP = NO;
				DEBUG_INFORMATION_FORMAT = "dwarf-with-dsym";
				ENABLE_NS_ASSERTIONS = NO;
				ENABLE_STRICT_OBJC_MSGSEND = YES;
				GCC_C_LANGUAGE_STANDARD = gnu11;
				GCC_NO_COMMON_BLOCKS = YES;
				GCC_WARN_64_TO_32_BIT_CONVERSION = YES;
				GCC_WARN_ABOUT_RETURN_TYPE = YES_ERROR;
				GCC_WARN_UNDECLARED_SELECTOR = YES;
				GCC_WARN_UNINITIALIZED_AUTOS = YES_AGGRESSIVE;
				GCC_WARN_UNUSED_FUNCTION = YES;
				GCC_WARN_UNUSED_VARIABLE = YES;
				IPHONEOS_DEPLOYMENT_TARGET = 14.1;
				MTL_ENABLE_DEBUG_INFO = NO;
				MTL_FAST_MATH = YES;
				SDKROOT = iphoneos;
				SWIFT_COMPILATION_MODE = wholemodule;
				SWIFT_OPTIMIZATION_LEVEL = "-O";
				VALIDATE_PRODUCT = YES;
			};
			name = Release;
		};
		9CEAEFCD2557F7DE0072ECF8 /* Debug */ = {
			isa = XCBuildConfiguration;
			baseConfigurationReference = 7C3A37FEF3C26FC2168CB6B5 /* Pods-Clover.debug.xcconfig */;
			buildSettings = {
				ASSETCATALOG_COMPILER_APPICON_NAME = AppIcon;
				ASSETCATALOG_COMPILER_GLOBAL_ACCENT_COLOR_NAME = AccentColor;
				CODE_SIGN_STYLE = Automatic;
				INFOPLIST_FILE = Clover/Info.plist;
				LD_RUNPATH_SEARCH_PATHS = (
					"$(inherited)",
					"@executable_path/Frameworks",
				);
				PRODUCT_BUNDLE_IDENTIFIER = com.faizmokhtar.Clover;
				PRODUCT_NAME = "$(TARGET_NAME)";
				SWIFT_VERSION = 5.0;
				TARGETED_DEVICE_FAMILY = "1,2";
			};
			name = Debug;
		};
		9CEAEFCE2557F7DE0072ECF8 /* Release */ = {
			isa = XCBuildConfiguration;
			baseConfigurationReference = 4C7B73B1F0AC5F7731C6F398 /* Pods-Clover.release.xcconfig */;
			buildSettings = {
				ASSETCATALOG_COMPILER_APPICON_NAME = AppIcon;
				ASSETCATALOG_COMPILER_GLOBAL_ACCENT_COLOR_NAME = AccentColor;
				CODE_SIGN_STYLE = Automatic;
				INFOPLIST_FILE = Clover/Info.plist;
				LD_RUNPATH_SEARCH_PATHS = (
					"$(inherited)",
					"@executable_path/Frameworks",
				);
				PRODUCT_BUNDLE_IDENTIFIER = com.faizmokhtar.Clover;
				PRODUCT_NAME = "$(TARGET_NAME)";
				SWIFT_VERSION = 5.0;
				TARGETED_DEVICE_FAMILY = "1,2";
			};
			name = Release;
		};
		9CEAEFD02557F7DE0072ECF8 /* Debug */ = {
			isa = XCBuildConfiguration;
			baseConfigurationReference = 0AA8B45B0421021D9F702439 /* Pods-CloverTests.debug.xcconfig */;
			buildSettings = {
				ALWAYS_EMBED_SWIFT_STANDARD_LIBRARIES = YES;
				BUNDLE_LOADER = "$(TEST_HOST)";
				CODE_SIGN_STYLE = Automatic;
				INFOPLIST_FILE = CloverTests/Info.plist;
				IPHONEOS_DEPLOYMENT_TARGET = 14.1;
				LD_RUNPATH_SEARCH_PATHS = (
					"$(inherited)",
					"@executable_path/Frameworks",
					"@loader_path/Frameworks",
				);
				PRODUCT_BUNDLE_IDENTIFIER = com.faizmokhtar.CloverTests;
				PRODUCT_NAME = "$(TARGET_NAME)";
				SWIFT_VERSION = 5.0;
				TARGETED_DEVICE_FAMILY = "1,2";
				TEST_HOST = "$(BUILT_PRODUCTS_DIR)/Clover.app/Clover";
			};
			name = Debug;
		};
		9CEAEFD12557F7DE0072ECF8 /* Release */ = {
			isa = XCBuildConfiguration;
			baseConfigurationReference = 4884E6E3AAC6ED15A697707A /* Pods-CloverTests.release.xcconfig */;
			buildSettings = {
				ALWAYS_EMBED_SWIFT_STANDARD_LIBRARIES = YES;
				BUNDLE_LOADER = "$(TEST_HOST)";
				CODE_SIGN_STYLE = Automatic;
				INFOPLIST_FILE = CloverTests/Info.plist;
				IPHONEOS_DEPLOYMENT_TARGET = 14.1;
				LD_RUNPATH_SEARCH_PATHS = (
					"$(inherited)",
					"@executable_path/Frameworks",
					"@loader_path/Frameworks",
				);
				PRODUCT_BUNDLE_IDENTIFIER = com.faizmokhtar.CloverTests;
				PRODUCT_NAME = "$(TARGET_NAME)";
				SWIFT_VERSION = 5.0;
				TARGETED_DEVICE_FAMILY = "1,2";
				TEST_HOST = "$(BUILT_PRODUCTS_DIR)/Clover.app/Clover";
			};
			name = Release;
		};
		9CEAEFD32557F7DE0072ECF8 /* Debug */ = {
			isa = XCBuildConfiguration;
			baseConfigurationReference = 5BB747EFA1C9FDDB70EB1BAC /* Pods-Clover-CloverUITests.debug.xcconfig */;
			buildSettings = {
				ALWAYS_EMBED_SWIFT_STANDARD_LIBRARIES = YES;
				CODE_SIGN_STYLE = Automatic;
				INFOPLIST_FILE = CloverUITests/Info.plist;
				LD_RUNPATH_SEARCH_PATHS = (
					"$(inherited)",
					"@executable_path/Frameworks",
					"@loader_path/Frameworks",
				);
				PRODUCT_BUNDLE_IDENTIFIER = com.faizmokhtar.CloverUITests;
				PRODUCT_NAME = "$(TARGET_NAME)";
				SWIFT_VERSION = 5.0;
				TARGETED_DEVICE_FAMILY = "1,2";
				TEST_TARGET_NAME = Clover;
			};
			name = Debug;
		};
		9CEAEFD42557F7DE0072ECF8 /* Release */ = {
			isa = XCBuildConfiguration;
			baseConfigurationReference = 3183A092F91A34064FF1B713 /* Pods-Clover-CloverUITests.release.xcconfig */;
			buildSettings = {
				ALWAYS_EMBED_SWIFT_STANDARD_LIBRARIES = YES;
				CODE_SIGN_STYLE = Automatic;
				INFOPLIST_FILE = CloverUITests/Info.plist;
				LD_RUNPATH_SEARCH_PATHS = (
					"$(inherited)",
					"@executable_path/Frameworks",
					"@loader_path/Frameworks",
				);
				PRODUCT_BUNDLE_IDENTIFIER = com.faizmokhtar.CloverUITests;
				PRODUCT_NAME = "$(TARGET_NAME)";
				SWIFT_VERSION = 5.0;
				TARGETED_DEVICE_FAMILY = "1,2";
				TEST_TARGET_NAME = Clover;
			};
			name = Release;
		};
/* End XCBuildConfiguration section */

/* Begin XCConfigurationList section */
		9CEAEF9D2557F7DD0072ECF8 /* Build configuration list for PBXProject "Clover" */ = {
			isa = XCConfigurationList;
			buildConfigurations = (
				9CEAEFCA2557F7DE0072ECF8 /* Debug */,
				9CEAEFCB2557F7DE0072ECF8 /* Release */,
			);
			defaultConfigurationIsVisible = 0;
			defaultConfigurationName = Release;
		};
		9CEAEFCC2557F7DE0072ECF8 /* Build configuration list for PBXNativeTarget "Clover" */ = {
			isa = XCConfigurationList;
			buildConfigurations = (
				9CEAEFCD2557F7DE0072ECF8 /* Debug */,
				9CEAEFCE2557F7DE0072ECF8 /* Release */,
			);
			defaultConfigurationIsVisible = 0;
			defaultConfigurationName = Release;
		};
		9CEAEFCF2557F7DE0072ECF8 /* Build configuration list for PBXNativeTarget "CloverTests" */ = {
			isa = XCConfigurationList;
			buildConfigurations = (
				9CEAEFD02557F7DE0072ECF8 /* Debug */,
				9CEAEFD12557F7DE0072ECF8 /* Release */,
			);
			defaultConfigurationIsVisible = 0;
			defaultConfigurationName = Release;
		};
		9CEAEFD22557F7DE0072ECF8 /* Build configuration list for PBXNativeTarget "CloverUITests" */ = {
			isa = XCConfigurationList;
			buildConfigurations = (
				9CEAEFD32557F7DE0072ECF8 /* Debug */,
				9CEAEFD42557F7DE0072ECF8 /* Release */,
			);
			defaultConfigurationIsVisible = 0;
			defaultConfigurationName = Release;
		};
/* End XCConfigurationList section */
	};
	rootObject = 9CEAEF9A2557F7DD0072ECF8 /* Project object */;
}
